
Microsoft Visual Studio Solution File, Format Version 12.00
# Visual Studio Version 17
VisualStudioVersion = 17.6.33815.320
MinimumVisualStudioVersion = 10.0.40219.1
Project("{9A19103F-16F7-4668-BE54-9A1E7A4F7556}") = "EscPos.Library", "EscPos.Library\EscPos.Library.csproj", "{A09D23CD-35A7-4CB2-B9AD-ED84827DAA74}"
EndProject
Project("{FAE04EC0-301F-11D3-BF4B-00C04F79EFBC}") = "EscPos.Test", "EscPos.Test\EscPos.Test.csproj", "{211B93E3-91E6-428E-9F5C-BE3B87A03858}"
EndProject
Global
	GlobalSection(SolutionConfigurationPlatforms) = preSolution
		Debug|Any CPU = Debug|Any CPU
		Release|Any CPU = Release|Any CPU
	EndGlobalSection
	GlobalSection(ProjectConfigurationPlatforms) = postSolution
		{A09D23CD-35A7-4CB2-B9AD-ED84827DAA74}.Debug|Any CPU.ActiveCfg = Debug|Any CPU
		{A09D23CD-35A7-4CB2-B9AD-ED84827DAA74}.Debug|Any CPU.Build.0 = Debug|Any CPU
		{A09D23CD-35A7-4CB2-B9AD-ED84827DAA74}.Release|Any CPU.ActiveCfg = Release|Any CPU
		{A09D23CD-35A7-4CB2-B9AD-ED84827DAA74}.Release|Any CPU.Build.0 = Release|Any CPU
		{211B93E3-91E6-428E-9F5C-BE3B87A03858}.Debug|Any CPU.ActiveCfg = Debug|Any CPU
		{211B93E3-91E6-428E-9F5C-BE3B87A03858}.Debug|Any CPU.Build.0 = Debug|Any CPU
		{211B93E3-91E6-428E-9F5C-BE3B87A03858}.Release|Any CPU.ActiveCfg = Release|Any CPU
		{211B93E3-91E6-428E-9F5C-BE3B87A03858}.Release|Any CPU.Build.0 = Release|Any CPU
	EndGlobalSection
	GlobalSection(SolutionProperties) = preSolution
		HideSolutionNode = FALSE
	EndGlobalSection
	GlobalSection(ExtensibilityGlobals) = postSolution
		SolutionGuid = {EAA12B85-A360-41F9-B922-DA7F0C164EDB}
	EndGlobalSection
EndGlobal
